
Microsoft Visual Studio Solution File, Format Version 12.00
# Visual Studio 2013
VisualStudioVersion = 12.0.40418.0
MinimumVisualStudioVersion = 10.0.40219.1
Project("{2150E333-8FDC-42A3-9474-1A3956D46DE8}") = ".nuget", ".nuget", "{28D90E81-ABE1-4629-BEA9-429BDFFC0E59}"
	ProjectSection(SolutionItems) = preProject
		.nuget\NuGet.Config = .nuget\NuGet.Config
		.nuget\NuGet.exe = .nuget\NuGet.exe
		.nuget\NuGet.targets = .nuget\NuGet.targets
	EndProjectSection
EndProject
Project("{FAE04EC0-301F-11D3-BF4B-00C04F79EFBC}") = "Zeje.Staticize_.Model", "Zeje.Staticize_.Model\Zeje.Staticize_.Model.csproj", "{268F0406-AFBB-4A83-82EC-5F3BB0D64DC5}"
EndProject
Project("{FAE04EC0-301F-11D3-BF4B-00C04F79EFBC}") = "Zeje.Staticize_", "Zeje.Staticize_\Zeje.Staticize_.csproj", "{46422A6B-3F93-4835-8E07-443866D3D8E2}"
EndProject
Global
	GlobalSection(SolutionConfigurationPlatforms) = preSolution
		Debug|Any CPU = Debug|Any CPU
		Release|Any CPU = Release|Any CPU
	EndGlobalSection
	GlobalSection(ProjectConfigurationPlatforms) = postSolution
		{268F0406-AFBB-4A83-82EC-5F3BB0D64DC5}.Debug|Any CPU.ActiveCfg = Debug|Any CPU
		{268F0406-AFBB-4A83-82EC-5F3BB0D64DC5}.Debug|Any CPU.Build.0 = Debug|Any CPU
		{268F0406-AFBB-4A83-82EC-5F3BB0D64DC5}.Release|Any CPU.ActiveCfg = Release|Any CPU
		{268F0406-AFBB-4A83-82EC-5F3BB0D64DC5}.Release|Any CPU.Build.0 = Release|Any CPU
		{46422A6B-3F93-4835-8E07-443866D3D8E2}.Debug|Any CPU.ActiveCfg = Debug|Any CPU
		{46422A6B-3F93-4835-8E07-443866D3D8E2}.Debug|Any CPU.Build.0 = Debug|Any CPU
		{46422A6B-3F93-4835-8E07-443866D3D8E2}.Release|Any CPU.ActiveCfg = Release|Any CPU
		{46422A6B-3F93-4835-8E07-443866D3D8E2}.Release|Any CPU.Build.0 = Release|Any CPU
	EndGlobalSection
	GlobalSection(SolutionProperties) = preSolution
		HideSolutionNode = FALSE
	EndGlobalSection
EndGlobal
